<?xml version="1.0" encoding="UTF-8"?>
<CodeBlocks_project_file>
	<FileVersion major="1" minor="6"/>
	<Project>
		<Option title="UKF"/>
		<Option makefile_is_custom="1"/>
		<Option compiler="gcc"/>
		<Option virtualFolders="CMake Files\;CMake Files\..\;CMake Files\..\..\;CMake Files\..\..\..\;CMake Files\..\..\..\..\;CMake Files\..\..\..\..\..\;CMake Files\..\..\..\..\..\..\;CMake Files\..\..\..\..\..\..\..\;CMake Files\..\..\..\..\..\..\..\usr\;CMake Files\..\..\..\..\..\..\..\usr\local\;CMake Files\..\..\..\..\..\..\..\usr\local\share\;CMake Files\..\..\..\..\..\..\..\usr\local\share\eigen3\;CMake Files\..\..\..\..\..\..\..\usr\local\share\eigen3\cmake\;"/>
		<Build>
			<Target title="all">
				<Option working_dir="/home/maximilien/Documents/sp/retina/src_cpp/UKF"/>
				<Option type="4"/>
				<MakeCommands>
					<Build command="/usr/bin/make -f &quot;/home/maximilien/Documents/sp/retina/src_cpp/UKF/Makefile&quot;  VERBOSE=1 all"/>
					<CompileFile command="/usr/bin/make -f &quot;/home/maximilien/Documents/sp/retina/src_cpp/UKF/Makefile&quot;  VERBOSE=1 &quot;$file&quot;"/>
					<Clean command="/usr/bin/make -f &quot;/home/maximilien/Documents/sp/retina/src_cpp/UKF/Makefile&quot;  VERBOSE=1 clean"/>
					<DistClean command="/usr/bin/make -f &quot;/home/maximilien/Documents/sp/retina/src_cpp/UKF/Makefile&quot;  VERBOSE=1 clean"/>
				</MakeCommands>
			</Target>
			<Target title="rebuild_cache">
				<Option working_dir="/home/maximilien/Documents/sp/retina/src_cpp/UKF"/>
				<Option type="4"/>
				<MakeCommands>
					<Build command="/usr/bin/make -f &quot;/home/maximilien/Documents/sp/retina/src_cpp/UKF/Makefile&quot;  VERBOSE=1 rebuild_cache"/>
					<CompileFile command="/usr/bin/make -f &quot;/home/maximilien/Documents/sp/retina/src_cpp/UKF/Makefile&quot;  VERBOSE=1 &quot;$file&quot;"/>
					<Clean command="/usr/bin/make -f &quot;/home/maximilien/Documents/sp/retina/src_cpp/UKF/Makefile&quot;  VERBOSE=1 clean"/>
					<DistClean command="/usr/bin/make -f &quot;/home/maximilien/Documents/sp/retina/src_cpp/UKF/Makefile&quot;  VERBOSE=1 clean"/>
				</MakeCommands>
			</Target>
			<Target title="UKF">
				<Option output="/home/maximilien/Documents/sp/retina/src_cpp/UKF/UKF" prefix_auto="0" extension_auto="0"/>
				<Option working_dir="/home/maximilien/Documents/sp/retina/src_cpp/UKF"/>
				<Option object_output="./"/>
				<Option type="1"/>
				<Option compiler="gcc"/>
				<Compiler>
					<Add directory="/usr/local/include/eigen3"/>
				</Compiler>
				<MakeCommands>
					<Build command="/usr/bin/make -f &quot;/home/maximilien/Documents/sp/retina/src_cpp/UKF/Makefile&quot;  VERBOSE=1 UKF"/>
					<CompileFile command="/usr/bin/make -f &quot;/home/maximilien/Documents/sp/retina/src_cpp/UKF/Makefile&quot;  VERBOSE=1 &quot;$file&quot;"/>
					<Clean command="/usr/bin/make -f &quot;/home/maximilien/Documents/sp/retina/src_cpp/UKF/Makefile&quot;  VERBOSE=1 clean"/>
					<DistClean command="/usr/bin/make -f &quot;/home/maximilien/Documents/sp/retina/src_cpp/UKF/Makefile&quot;  VERBOSE=1 clean"/>
				</MakeCommands>
			</Target>
			<Target title="UKF/fast">
				<Option output="/home/maximilien/Documents/sp/retina/src_cpp/UKF/UKF" prefix_auto="0" extension_auto="0"/>
				<Option working_dir="/home/maximilien/Documents/sp/retina/src_cpp/UKF"/>
				<Option object_output="./"/>
				<Option type="1"/>
				<Option compiler="gcc"/>
				<Compiler>
					<Add directory="/usr/local/include/eigen3"/>
				</Compiler>
				<MakeCommands>
					<Build command="/usr/bin/make -f &quot;/home/maximilien/Documents/sp/retina/src_cpp/UKF/Makefile&quot;  VERBOSE=1 UKF/fast"/>
					<CompileFile command="/usr/bin/make -f &quot;/home/maximilien/Documents/sp/retina/src_cpp/UKF/Makefile&quot;  VERBOSE=1 &quot;$file&quot;"/>
					<Clean command="/usr/bin/make -f &quot;/home/maximilien/Documents/sp/retina/src_cpp/UKF/Makefile&quot;  VERBOSE=1 clean"/>
					<DistClean command="/usr/bin/make -f &quot;/home/maximilien/Documents/sp/retina/src_cpp/UKF/Makefile&quot;  VERBOSE=1 clean"/>
				</MakeCommands>
			</Target>
			<Target title="edit_cache">
				<Option working_dir="/home/maximilien/Documents/sp/retina/src_cpp/UKF"/>
				<Option type="4"/>
				<MakeCommands>
					<Build command="/usr/bin/make -f &quot;/home/maximilien/Documents/sp/retina/src_cpp/UKF/Makefile&quot;  VERBOSE=1 edit_cache"/>
					<CompileFile command="/usr/bin/make -f &quot;/home/maximilien/Documents/sp/retina/src_cpp/UKF/Makefile&quot;  VERBOSE=1 &quot;$file&quot;"/>
					<Clean command="/usr/bin/make -f &quot;/home/maximilien/Documents/sp/retina/src_cpp/UKF/Makefile&quot;  VERBOSE=1 clean"/>
					<DistClean command="/usr/bin/make -f &quot;/home/maximilien/Documents/sp/retina/src_cpp/UKF/Makefile&quot;  VERBOSE=1 clean"/>
				</MakeCommands>
			</Target>
		</Build>
		<Unit filename="/home/maximilien/Documents/sp/retina/src_cpp/UKF/src/InputOutput/WriterUKF.cpp">
			<Option target="UKF"/>
		</Unit>
		<Unit filename="/home/maximilien/Documents/sp/retina/src_cpp/UKF/src/InputOutput/WriterUKF.h">
			<Option target="UKF"/>
		</Unit>
		<Unit filename="/home/maximilien/Documents/sp/retina/src_cpp/UKF/src/ModelMPC/LogTester.cpp">
			<Option target="UKF"/>
		</Unit>
		<Unit filename="/home/maximilien/Documents/sp/retina/src_cpp/UKF/src/ModelMPC/LogTester.h">
			<Option target="UKF"/>
		</Unit>
		<Unit filename="/home/maximilien/Documents/sp/retina/src_cpp/UKF/src/ModelMPC/ModelMPC.cpp">
			<Option target="UKF"/>
		</Unit>
		<Unit filename="/home/maximilien/Documents/sp/retina/src_cpp/UKF/src/ModelMPC/ModelMPC.h">
			<Option target="UKF"/>
		</Unit>
		<Unit filename="/home/maximilien/Documents/sp/retina/src_cpp/UKF/src/ModelMPC/StaticTester.cpp">
			<Option target="UKF"/>
		</Unit>
		<Unit filename="/home/maximilien/Documents/sp/retina/src_cpp/UKF/src/ModelMPC/StaticTester.h">
			<Option target="UKF"/>
		</Unit>
		<Unit filename="/home/maximilien/Documents/sp/retina/src_cpp/UKF/src/ModelMPC/modelDx.cpp">
			<Option target="UKF"/>
		</Unit>
		<Unit filename="/home/maximilien/Documents/sp/retina/src_cpp/UKF/src/ModelMPC/modelDx.h">
			<Option target="UKF"/>
		</Unit>
		<Unit filename="/home/maximilien/Documents/sp/retina/src_cpp/UKF/src/ModelSimple/Model_first.cpp">
			<Option target="UKF"/>
		</Unit>
		<Unit filename="/home/maximilien/Documents/sp/retina/src_cpp/UKF/src/ModelSimple/Model_first.h">
			<Option target="UKF"/>
		</Unit>
		<Unit filename="/home/maximilien/Documents/sp/retina/src_cpp/UKF/src/TestUKF/TestPacejkaUKF.cpp">
			<Option target="UKF"/>
		</Unit>
		<Unit filename="/home/maximilien/Documents/sp/retina/src_cpp/UKF/src/TestUKF/TestPacejkaUKF.h">
			<Option target="UKF"/>
		</Unit>
		<Unit filename="/home/maximilien/Documents/sp/retina/src_cpp/UKF/src/TestUKF/TestUKF.cpp">
			<Option target="UKF"/>
		</Unit>
		<Unit filename="/home/maximilien/Documents/sp/retina/src_cpp/UKF/src/TestUKF/TestUKF.h">
			<Option target="UKF"/>
		</Unit>
		<Unit filename="/home/maximilien/Documents/sp/retina/src_cpp/UKF/src/UnscentedKalmanFilter.h">
			<Option target="UKF"/>
		</Unit>
		<Unit filename="/home/maximilien/Documents/sp/retina/src_cpp/UKF/src/main.cpp">
			<Option target="UKF"/>
		</Unit>
		<Unit filename="/home/maximilien/Documents/sp/retina/src_cpp/UKF/src/main.h">
			<Option target="UKF"/>
		</Unit>
		<Unit filename="/home/maximilien/Documents/sp/retina/src_cpp/UKF/CMakeLists.txt">
			<Option virtualFolder="CMake Files\"/>
		</Unit>
		<Unit filename="/home/maximilien/Documents/sp/retina/src_cpp/UKF/../../../../../../../usr/local/share/eigen3/cmake/Eigen3Config.cmake">
			<Option virtualFolder="CMake Files\..\..\..\..\..\..\..\usr\local\share\eigen3\cmake\"/>
		</Unit>
		<Unit filename="/home/maximilien/Documents/sp/retina/src_cpp/UKF/../../../../../../../usr/local/share/eigen3/cmake/Eigen3ConfigVersion.cmake">
			<Option virtualFolder="CMake Files\..\..\..\..\..\..\..\usr\local\share\eigen3\cmake\"/>
		</Unit>
		<Unit filename="/home/maximilien/Documents/sp/retina/src_cpp/UKF/../../../../../../../usr/local/share/eigen3/cmake/Eigen3Targets.cmake">
			<Option virtualFolder="CMake Files\..\..\..\..\..\..\..\usr\local\share\eigen3\cmake\"/>
		</Unit>
	</Project>
</CodeBlocks_project_file>
